schema: '2.0'
stages:
  build_model:
    cmd: python train_model.py
    deps:
    - path: ../data/census_clean.csv
      md5: 5eb5d1a4862601d030cce8c291532512
      size: 3808816
    - path: metrics.py
      md5: 981227ed0fee3a75c5f403ccde32699d
      size: 1037
    - path: ml/data.py
      md5: 7a5d03f6703af2f1b72e9705e366eb69
      size: 2543
    - path: ml/model.py
      md5: c05cab47182bffd6671b0fd61b5d0ed2
      size: 1501
    - path: train_model.py
      md5: 922e7f3ca3d5ede1f32ef77871cd3b29
      size: 2281
    outs:
    - path: ../metrics/slice_output.txt
      md5: d7a5662a332011d18156048fe71efa14
      size: 1374
    - path: ../model/cl_model.joblib
      md5: 65932d136908e6f345a217d9c65945b2
      size: 68139384
    - path: ../model/encoder.joblib
      md5: 26ffbe1eea47094a932e912fd33b7511
      size: 4000
    - path: ../model/lb.joblib
      md5: 7fa2de23a5eb1763a5e5c53a58e8867f
      size: 411
