schema: '2.0'
stages:
  clean_data:
    cmd: python clean_data.py
    deps:
    - path: clean_data.py
      md5: 0b8f9e1bb5532e06fd009ee1351abe8d
      size: 852
    - path: data/census.csv
      md5: 12c208530a5680c15ae19b34152286dd
      size: 3518606
    outs:
    - path: data/cleaned_census.csv
      md5: 26fe782a9c253641e0b50a4207eed5da
      size: 3700096
